
Microsoft Visual Studio Solution File, Format Version 12.00
# Visual Studio 2012
Project("{FAE04EC0-301F-11D3-BF4B-00C04F79EFBC}") = "AdmobXamarin.Plugin.PCL", "AdmobXamarin.Plugin.PCL\AdmobXamarin.Plugin.PCL.csproj", "{D9561B1F-043B-4790-92C3-30FF9553671E}"
EndProject
Project("{FAE04EC0-301F-11D3-BF4B-00C04F79EFBC}") = "AdmobXamarin.Plugin.Droid", "AdmobXamarin.Plugin.Droid\AdmobXamarin.Plugin.Droid.csproj", "{46BC9D1D-876C-49E3-88A8-474EEC2281C4}"
EndProject
Project("{FAE04EC0-301F-11D3-BF4B-00C04F79EFBC}") = "AdmobXamarin.Plugin.iOS", "AdmobXamarin.Plugin.iOS\AdmobXamarin.Plugin.iOS.csproj", "{7C58713E-E91F-4C1B-A7A5-624D3FBFD432}"
EndProject
Global
	GlobalSection(SolutionConfigurationPlatforms) = preSolution
		Debug|Any CPU = Debug|Any CPU
		Release|Any CPU = Release|Any CPU
	EndGlobalSection
	GlobalSection(ProjectConfigurationPlatforms) = postSolution
		{46BC9D1D-876C-49E3-88A8-474EEC2281C4}.Debug|Any CPU.ActiveCfg = Debug|Any CPU
		{46BC9D1D-876C-49E3-88A8-474EEC2281C4}.Debug|Any CPU.Build.0 = Debug|Any CPU
		{46BC9D1D-876C-49E3-88A8-474EEC2281C4}.Release|Any CPU.ActiveCfg = Release|Any CPU
		{46BC9D1D-876C-49E3-88A8-474EEC2281C4}.Release|Any CPU.Build.0 = Release|Any CPU
		{7C58713E-E91F-4C1B-A7A5-624D3FBFD432}.Debug|Any CPU.ActiveCfg = Debug|Any CPU
		{7C58713E-E91F-4C1B-A7A5-624D3FBFD432}.Debug|Any CPU.Build.0 = Debug|Any CPU
		{7C58713E-E91F-4C1B-A7A5-624D3FBFD432}.Release|Any CPU.ActiveCfg = Release|Any CPU
		{7C58713E-E91F-4C1B-A7A5-624D3FBFD432}.Release|Any CPU.Build.0 = Release|Any CPU
		{D9561B1F-043B-4790-92C3-30FF9553671E}.Debug|Any CPU.ActiveCfg = Debug|Any CPU
		{D9561B1F-043B-4790-92C3-30FF9553671E}.Debug|Any CPU.Build.0 = Debug|Any CPU
		{D9561B1F-043B-4790-92C3-30FF9553671E}.Release|Any CPU.ActiveCfg = Release|Any CPU
		{D9561B1F-043B-4790-92C3-30FF9553671E}.Release|Any CPU.Build.0 = Release|Any CPU
	EndGlobalSection
EndGlobal
